// !$*UTF8*$!
{
	archiveVersion = 1;
	classes = {
	};
	objectVersion = 46;
	objects = {

/* Begin PBXBuildFile section */
		3F0221DC1E6D2DA40021A096 /* main.m in Sources */ = {isa = PBXBuildFile; fileRef = 3F0221DB1E6D2DA40021A096 /* main.m */; };
		3F0221DF1E6D2DA40021A096 /* AppDelegate.m in Sources */ = {isa = PBXBuildFile; fileRef = 3F0221DE1E6D2DA40021A096 /* AppDelegate.m */; };
		3F0221E51E6D2DA40021A096 /* Main.storyboard in Resources */ = {isa = PBXBuildFile; fileRef = 3F0221E31E6D2DA40021A096 /* Main.storyboard */; };
		3F0221E71E6D2DA40021A096 /* Assets.xcassets in Resources */ = {isa = PBXBuildFile; fileRef = 3F0221E61E6D2DA40021A096 /* Assets.xcassets */; };
		3F0221EA1E6D2DA40021A096 /* LaunchScreen.storyboard in Resources */ = {isa = PBXBuildFile; fileRef = 3F0221E81E6D2DA40021A096 /* LaunchScreen.storyboard */; };
		3F0221F31E6D2E080021A096 /* ViewController.m in Sources */ = {isa = PBXBuildFile; fileRef = 3F0221F21E6D2E080021A096 /* ViewController.m */; };
		3F0221F71E6D2E140021A096 /* HMDetailViewController.m in Sources */ = {isa = PBXBuildFile; fileRef = 3F0221F51E6D2E140021A096 /* HMDetailViewController.m */; };
		3F0221F81E6D2E140021A096 /* HMDetailViewController.xib in Resources */ = {isa = PBXBuildFile; fileRef = 3F0221F61E6D2E140021A096 /* HMDetailViewController.xib */; };
/* End PBXBuildFile section */

/* Begin PBXFileReference section */
		3F0221D71E6D2DA40021A096 /* 自己写的分页控制器.app */ = {isa = PBXFileReference; explicitFileType = wrapper.application; includeInIndex = 0; path = "自己写的分页控制器.app"; sourceTree = BUILT_PRODUCTS_DIR; };
		3F0221DB1E6D2DA40021A096 /* main.m */ = {isa = PBXFileReference; lastKnownFileType = sourcecode.c.objc; path = main.m; sourceTree = "<group>"; };
		3F0221DD1E6D2DA40021A096 /* AppDelegate.h */ = {isa = PBXFileReference; lastKnownFileType = sourcecode.c.h; path = AppDelegate.h; sourceTree = "<group>"; };
		3F0221DE1E6D2DA40021A096 /* AppDelegate.m */ = {isa = PBXFileReference; lastKnownFileType = sourcecode.c.objc; path = AppDelegate.m; sourceTree = "<group>"; };
		3F0221E41E6D2DA40021A096 /* Base */ = {isa = PBXFileReference; lastKnownFileType = file.storyboard; name = Base; path = Base.lproj/Main.storyboard; sourceTree = "<group>"; };
		3F0221E61E6D2DA40021A096 /* Assets.xcassets */ = {isa = PBXFileReference; lastKnownFileType = folder.assetcatalog; path = Assets.xcassets; sourceTree = "<group>"; };
		3F0221E91E6D2DA40021A096 /* Base */ = {isa = PBXFileReference; lastKnownFileType = file.storyboard; name = Base; path = Base.lproj/LaunchScreen.storyboard; sourceTree = "<group>"; };
		3F0221EB1E6D2DA40021A096 /* Info.plist */ = {isa = PBXFileReference; lastKnownFileType = text.plist.xml; path = Info.plist; sourceTree = "<group>"; };
		3F0221F11E6D2E080021A096 /* ViewController.h */ = {isa = PBXFileReference; fileEncoding = 4; lastKnownFileType = sourcecode.c.h; path = ViewController.h; sourceTree = "<group>"; };
		3F0221F21E6D2E080021A096 /* ViewController.m */ = {isa = PBXFileReference; fileEncoding = 4; lastKnownFileType = sourcecode.c.objc; path = ViewController.m; sourceTree = "<group>"; };
		3F0221F41E6D2E140021A096 /* HMDetailViewController.h */ = {isa = PBXFileReference; fileEncoding = 4; lastKnownFileType = sourcecode.c.h; name = HMDetailViewController.h; path = "自己写的分页控制器/HMDetailViewController.h"; sourceTree = "<group>"; };
		3F0221F51E6D2E140021A096 /* HMDetailViewController.m */ = {isa = PBXFileReference; fileEncoding = 4; lastKnownFileType = sourcecode.c.objc; name = HMDetailViewController.m; path = "自己写的分页控制器/HMDetailViewController.m"; sourceTree = "<group>"; };
		3F0221F61E6D2E140021A096 /* HMDetailViewController.xib */ = {isa = PBXFileReference; fileEncoding = 4; lastKnownFileType = file.xib; name = HMDetailViewController.xib; path = "自己写的分页控制器/HMDetailViewController.xib"; sourceTree = "<group>"; };
/* End PBXFileReference section */

/* Begin PBXFrameworksBuildPhase section */
		3F0221D41E6D2DA40021A096 /* Frameworks */ = {
			isa = PBXFrameworksBuildPhase;
			buildActionMask = 2147483647;
			files = (
			);
			runOnlyForDeploymentPostprocessing = 0;
		};
/* End PBXFrameworksBuildPhase section */

/* Begin PBXGroup section */
		3F0221CE1E6D2DA40021A096 = {
			isa = PBXGroup;
			children = (
				3F0221D91E6D2DA40021A096 /* 自己写的分页控制器 */,
				3F0221F41E6D2E140021A096 /* HMDetailViewController.h */,
				3F0221F51E6D2E140021A096 /* HMDetailViewController.m */,
				3F0221F61E6D2E140021A096 /* HMDetailViewController.xib */,
				3F0221D81E6D2DA40021A096 /* Products */,
			);
			sourceTree = "<group>";
		};
		3F0221D81E6D2DA40021A096 /* Products */ = {
			isa = PBXGroup;
			children = (
				3F0221D71E6D2DA40021A096 /* 自己写的分页控制器.app */,
			);
			name = Products;
			sourceTree = "<group>";
		};
		3F0221D91E6D2DA40021A096 /* 自己写的分页控制器 */ = {
			isa = PBXGroup;
			children = (
				3F0221DD1E6D2DA40021A096 /* AppDelegate.h */,
				3F0221DE1E6D2DA40021A096 /* AppDelegate.m */,
				3F0221F11E6D2E080021A096 /* ViewController.h */,
				3F0221F21E6D2E080021A096 /* ViewController.m */,
				3F0221E31E6D2DA40021A096 /* Main.storyboard */,
				3F0221DA1E6D2DA40021A096 /* Supporting Files */,
			);
			path = "自己写的分页控制器";
			sourceTree = "<group>";
		};
		3F0221DA1E6D2DA40021A096 /* Supporting Files */ = {
			isa = PBXGroup;
			children = (
				3F0221DB1E6D2DA40021A096 /* main.m */,
				3F0221E61E6D2DA40021A096 /* Assets.xcassets */,
				3F0221E81E6D2DA40021A096 /* LaunchScreen.storyboard */,
				3F0221EB1E6D2DA40021A096 /* Info.plist */,
			);
			name = "Supporting Files";
			sourceTree = "<group>";
		};
/* End PBXGroup section */

/* Begin PBXNativeTarget section */
		3F0221D61E6D2DA40021A096 /* 自己写的分页控制器 */ = {
			isa = PBXNativeTarget;
			buildConfigurationList = 3F0221EE1E6D2DA40021A096 /* Build configuration list for PBXNativeTarget "自己写的分页控制器" */;
			buildPhases = (
				3F0221D31E6D2DA40021A096 /* Sources */,
				3F0221D41E6D2DA40021A096 /* Frameworks */,
				3F0221D51E6D2DA40021A096 /* Resources */,
			);
			buildRules = (
			);
			dependencies = (
			);
			name = "自己写的分页控制器";
			productName = "自己写的分页控制器";
			productReference = 3F0221D71E6D2DA40021A096 /* 自己写的分页控制器.app */;
			productType = "com.apple.product-type.application";
		};
/* End PBXNativeTarget section */

/* Begin PBXProject section */
		3F0221CF1E6D2DA40021A096 /* Project object */ = {
			isa = PBXProject;
			attributes = {
				LastUpgradeCheck = 0820;
				ORGANIZATIONNAME = "胡卓";
				TargetAttributes = {
					3F0221D61E6D2DA40021A096 = {
						CreatedOnToolsVersion = 8.2.1;
						ProvisioningStyle = Automatic;
					};
				};
			};
			buildConfigurationList = 3F0221D21E6D2DA40021A096 /* Build configuration list for PBXProject "自己写的分页控制器" */;
			compatibilityVersion = "Xcode 3.2";
			developmentRegion = English;
			hasScannedForEncodings = 0;
			knownRegions = (
				en,
				Base,
			);
			mainGroup = 3F0221CE1E6D2DA40021A096;
			productRefGroup = 3F0221D81E6D2DA40021A096 /* Products */;
			projectDirPath = "";
			projectRoot = "";
			targets = (
				3F0221D61E6D2DA40021A096 /* 自己写的分页控制器 */,
			);
		};
/* End PBXProject section */

/* Begin PBXResourcesBuildPhase section */
		3F0221D51E6D2DA40021A096 /* Resources */ = {
			isa = PBXResourcesBuildPhase;
			buildActionMask = 2147483647;
			files = (
				3F0221EA1E6D2DA40021A096 /* LaunchScreen.storyboard in Resources */,
				3F0221E71E6D2DA40021A096 /* Assets.xcassets in Resources */,
				3F0221F81E6D2E140021A096 /* HMDetailViewController.xib in Resources */,
				3F0221E51E6D2DA40021A096 /* Main.storyboard in Resources */,
			);
			runOnlyForDeploymentPostprocessing = 0;
		};
/* End PBXResourcesBuildPhase section */

/* Begin PBXSourcesBuildPhase section */
		3F0221D31E6D2DA40021A096 /* Sources */ = {
			isa = PBXSourcesBuildPhase;
			buildActionMask = 2147483647;
			files = (
				3F0221F31E6D2E080021A096 /* ViewController.m in Sources */,
				3F0221DF1E6D2DA40021A096 /* AppDelegate.m in Sources */,
				3F0221F71E6D2E140021A096 /* HMDetailViewController.m in Sources */,
				3F0221DC1E6D2DA40021A096 /* main.m in Sources */,
			);
			runOnlyForDeploymentPostprocessing = 0;
		};
/* End PBXSourcesBuildPhase section */

/* Begin PBXVariantGroup section */
		3F0221E31E6D2DA40021A096 /* Main.storyboard */ = {
			isa = PBXVariantGroup;
			children = (
				3F0221E41E6D2DA40021A096 /* Base */,
			);
			name = Main.storyboard;
			sourceTree = "<group>";
		};
		3F0221E81E6D2DA40021A096 /* LaunchScreen.storyboard */ = {
			isa = PBXVariantGroup;
			children = (
				3F0221E91E6D2DA40021A096 /* Base */,
			);
			name = LaunchScreen.storyboard;
			sourceTree = "<group>";
		};
/* End PBXVariantGroup section */

/* Begin XCBuildConfiguration section */
		3F0221EC1E6D2DA40021A096 /* Debug */ = {
			isa = XCBuildConfiguration;
			buildSettings = {
				ALWAYS_SEARCH_USER_PATHS = NO;
				CLANG_ANALYZER_NONNULL = YES;
				CLANG_CXX_LANGUAGE_STANDARD = "gnu++0x";
				CLANG_CXX_LIBRARY = "libc++";
				CLANG_ENABLE_MODULES = YES;
				CLANG_ENABLE_OBJC_ARC = YES;
				CLANG_WARN_BOOL_CONVERSION = YES;
				CLANG_WARN_CONSTANT_CONVERSION = YES;
				CLANG_WARN_DIRECT_OBJC_ISA_USAGE = YES_ERROR;
				CLANG_WARN_DOCUMENTATION_COMMENTS = YES;
				CLANG_WARN_EMPTY_BODY = YES;
				CLANG_WARN_ENUM_CONVERSION = YES;
				CLANG_WARN_INFINITE_RECURSION = YES;
				CLANG_WARN_INT_CONVERSION = YES;
				CLANG_WARN_OBJC_ROOT_CLASS = YES_ERROR;
				CLANG_WARN_SUSPICIOUS_MOVE = YES;
				CLANG_WARN_UNREACHABLE_CODE = YES;
				CLANG_WARN__DUPLICATE_METHOD_MATCH = YES;
				"CODE_SIGN_IDENTITY[sdk=iphoneos*]" = "iPhone Developer";
				COPY_PHASE_STRIP = NO;
				DEBUG_INFORMATION_FORMAT = dwarf;
				ENABLE_STRICT_OBJC_MSGSEND = YES;
				ENABLE_TESTABILITY = YES;
				GCC_C_LANGUAGE_STANDARD = gnu99;
				GCC_DYNAMIC_NO_PIC = NO;
				GCC_NO_COMMON_BLOCKS = YES;
				GCC_OPTIMIZATION_LEVEL = 0;
				GCC_PREPROCESSOR_DEFINITIONS = (
					"DEBUG=1",
					"$(inherited)",
				);
				GCC_WARN_64_TO_32_BIT_CONVERSION = YES;
				GCC_WARN_ABOUT_RETURN_TYPE = YES_ERROR;
				GCC_WARN_UNDECLARED_SELECTOR = YES;
				GCC_WARN_UNINITIALIZED_AUTOS = YES_AGGRESSIVE;
				GCC_WARN_UNUSED_FUNCTION = YES;
				GCC_WARN_UNUSED_VARIABLE = YES;
				IPHONEOS_DEPLOYMENT_TARGET = 10.2;
				MTL_ENABLE_DEBUG_INFO = YES;
				ONLY_ACTIVE_ARCH = YES;
				SDKROOT = iphoneos;
				TARGETED_DEVICE_FAMILY = "1,2";
			};
			name = Debug;
		};
		3F0221ED1E6D2DA40021A096 /* Release */ = {
			isa = XCBuildConfiguration;
			buildSettings = {
				ALWAYS_SEARCH_USER_PATHS = NO;
				CLANG_ANALYZER_NONNULL = YES;
				CLANG_CXX_LANGUAGE_STANDARD = "gnu++0x";
				CLANG_CXX_LIBRARY = "libc++";
				CLANG_ENABLE_MODULES = YES;
				CLANG_ENABLE_OBJC_ARC = YES;
				CLANG_WARN_BOOL_CONVERSION = YES;
				CLANG_WARN_CONSTANT_CONVERSION = YES;
				CLANG_WARN_DIRECT_OBJC_ISA_USAGE = YES_ERROR;
				CLANG_WARN_DOCUMENTATION_COMMENTS = YES;
				CLANG_WARN_EMPTY_BODY = YES;
				CLANG_WARN_ENUM_CONVERSION = YES;
				CLANG_WARN_INFINITE_RECURSION = YES;
				CLANG_WARN_INT_CONVERSION = YES;
				CLANG_WARN_OBJC_ROOT_CLASS = YES_ERROR;
				CLANG_WARN_SUSPICIOUS_MOVE = YES;
				CLANG_WARN_UNREACHABLE_CODE = YES;
				CLANG_WARN__DUPLICATE_METHOD_MATCH = YES;
				"CODE_SIGN_IDENTITY[sdk=iphoneos*]" = "iPhone Developer";
				COPY_PHASE_STRIP = NO;
				DEBUG_INFORMATION_FORMAT = "dwarf-with-dsym";
				ENABLE_NS_ASSERTIONS = NO;
				ENABLE_STRICT_OBJC_MSGSEND = YES;
				GCC_C_LANGUAGE_STANDARD = gnu99;
				GCC_NO_COMMON_BLOCKS = YES;
				GCC_WARN_64_TO_32_BIT_CONVERSION = YES;
				GCC_WARN_ABOUT_RETURN_TYPE = YES_ERROR;
				GCC_WARN_UNDECLARED_SELECTOR = YES;
				GCC_WARN_UNINITIALIZED_AUTOS = YES_AGGRESSIVE;
				GCC_WARN_UNUSED_FUNCTION = YES;
				GCC_WARN_UNUSED_VARIABLE = YES;
				IPHONEOS_DEPLOYMENT_TARGET = 10.2;
				MTL_ENABLE_DEBUG_INFO = NO;
				SDKROOT = iphoneos;
				TARGETED_DEVICE_FAMILY = "1,2";
				VALIDATE_PRODUCT = YES;
			};
			name = Release;
		};
		3F0221EF1E6D2DA40021A096 /* Debug */ = {
			isa = XCBuildConfiguration;
			buildSettings = {
				ASSETCATALOG_COMPILER_APPICON_NAME = AppIcon;
				INFOPLIST_FILE = "自己写的分页控制器/Info.plist";
				LD_RUNPATH_SEARCH_PATHS = "$(inherited) @executable_path/Frameworks";
				PRODUCT_BUNDLE_IDENTIFIER = "com.itcast.---------";
				PRODUCT_NAME = "$(TARGET_NAME)";
			};
			name = Debug;
		};
		3F0221F01E6D2DA40021A096 /* Release */ = {
			isa = XCBuildConfiguration;
			buildSettings = {
				ASSETCATALOG_COMPILER_APPICON_NAME = AppIcon;
				INFOPLIST_FILE = "自己写的分页控制器/Info.plist";
				LD_RUNPATH_SEARCH_PATHS = "$(inherited) @executable_path/Frameworks";
				PRODUCT_BUNDLE_IDENTIFIER = "com.itcast.---------";
				PRODUCT_NAME = "$(TARGET_NAME)";
			};
			name = Release;
		};
/* End XCBuildConfiguration section */

/* Begin XCConfigurationList section */
		3F0221D21E6D2DA40021A096 /* Build configuration list for PBXProject "自己写的分页控制器" */ = {
			isa = XCConfigurationList;
			buildConfigurations = (
				3F0221EC1E6D2DA40021A096 /* Debug */,
				3F0221ED1E6D2DA40021A096 /* Release */,
			);
			defaultConfigurationIsVisible = 0;
			defaultConfigurationName = Release;
		};
		3F0221EE1E6D2DA40021A096 /* Build configuration list for PBXNativeTarget "自己写的分页控制器" */ = {
			isa = XCConfigurationList;
			buildConfigurations = (
				3F0221EF1E6D2DA40021A096 /* Debug */,
				3F0221F01E6D2DA40021A096 /* Release */,
			);
			defaultConfigurationIsVisible = 0;
		};
/* End XCConfigurationList section */
	};
	rootObject = 3F0221CF1E6D2DA40021A096 /* Project object */;
}
